
Microsoft Visual Studio Solution File, Format Version 12.00
# Visual Studio 15
VisualStudioVersion = 15.0.26124.0
MinimumVisualStudioVersion = 15.0.26124.0
Project("{2150E333-8FDC-42A3-9474-1A3956D46DE8}") = "src", "src", "{3EBD578F-40E0-4BD0-BED4-E4779B442C4C}"
EndProject
Project("{FAE04EC0-301F-11D3-BF4B-00C04F79EFBC}") = "Sorry.Analyzers", "src\Sorry.Analyzers\Sorry.Analyzers.csproj", "{0E84439F-A15F-45B4-8DC3-4939814853CB}"
EndProject
Project("{2150E333-8FDC-42A3-9474-1A3956D46DE8}") = "tests", "tests", "{20735EE3-26AA-488A-856F-D48CB3451966}"
EndProject
Project("{FAE04EC0-301F-11D3-BF4B-00C04F79EFBC}") = "Sorry.Analyzers.Tests", "tests\Sorry.Analyzers.Tests\Sorry.Analyzers.Tests.csproj", "{635921F7-6A9F-45E6-840F-1F1578C95EE6}"
EndProject
Global
	GlobalSection(SolutionConfigurationPlatforms) = preSolution
		Debug|Any CPU = Debug|Any CPU
		Debug|x64 = Debug|x64
		Debug|x86 = Debug|x86
		Release|Any CPU = Release|Any CPU
		Release|x64 = Release|x64
		Release|x86 = Release|x86
	EndGlobalSection
	GlobalSection(SolutionProperties) = preSolution
		HideSolutionNode = FALSE
	EndGlobalSection
	GlobalSection(ProjectConfigurationPlatforms) = postSolution
		{0E84439F-A15F-45B4-8DC3-4939814853CB}.Debug|Any CPU.ActiveCfg = Debug|Any CPU
		{0E84439F-A15F-45B4-8DC3-4939814853CB}.Debug|Any CPU.Build.0 = Debug|Any CPU
		{0E84439F-A15F-45B4-8DC3-4939814853CB}.Debug|x64.ActiveCfg = Debug|Any CPU
		{0E84439F-A15F-45B4-8DC3-4939814853CB}.Debug|x64.Build.0 = Debug|Any CPU
		{0E84439F-A15F-45B4-8DC3-4939814853CB}.Debug|x86.ActiveCfg = Debug|Any CPU
		{0E84439F-A15F-45B4-8DC3-4939814853CB}.Debug|x86.Build.0 = Debug|Any CPU
		{0E84439F-A15F-45B4-8DC3-4939814853CB}.Release|Any CPU.ActiveCfg = Release|Any CPU
		{0E84439F-A15F-45B4-8DC3-4939814853CB}.Release|Any CPU.Build.0 = Release|Any CPU
		{0E84439F-A15F-45B4-8DC3-4939814853CB}.Release|x64.ActiveCfg = Release|Any CPU
		{0E84439F-A15F-45B4-8DC3-4939814853CB}.Release|x64.Build.0 = Release|Any CPU
		{0E84439F-A15F-45B4-8DC3-4939814853CB}.Release|x86.ActiveCfg = Release|Any CPU
		{0E84439F-A15F-45B4-8DC3-4939814853CB}.Release|x86.Build.0 = Release|Any CPU
		{635921F7-6A9F-45E6-840F-1F1578C95EE6}.Debug|Any CPU.ActiveCfg = Debug|Any CPU
		{635921F7-6A9F-45E6-840F-1F1578C95EE6}.Debug|Any CPU.Build.0 = Debug|Any CPU
		{635921F7-6A9F-45E6-840F-1F1578C95EE6}.Debug|x64.ActiveCfg = Debug|Any CPU
		{635921F7-6A9F-45E6-840F-1F1578C95EE6}.Debug|x64.Build.0 = Debug|Any CPU
		{635921F7-6A9F-45E6-840F-1F1578C95EE6}.Debug|x86.ActiveCfg = Debug|Any CPU
		{635921F7-6A9F-45E6-840F-1F1578C95EE6}.Debug|x86.Build.0 = Debug|Any CPU
		{635921F7-6A9F-45E6-840F-1F1578C95EE6}.Release|Any CPU.ActiveCfg = Release|Any CPU
		{635921F7-6A9F-45E6-840F-1F1578C95EE6}.Release|Any CPU.Build.0 = Release|Any CPU
		{635921F7-6A9F-45E6-840F-1F1578C95EE6}.Release|x64.ActiveCfg = Release|Any CPU
		{635921F7-6A9F-45E6-840F-1F1578C95EE6}.Release|x64.Build.0 = Release|Any CPU
		{635921F7-6A9F-45E6-840F-1F1578C95EE6}.Release|x86.ActiveCfg = Release|Any CPU
		{635921F7-6A9F-45E6-840F-1F1578C95EE6}.Release|x86.Build.0 = Release|Any CPU
	EndGlobalSection
	GlobalSection(NestedProjects) = preSolution
		{0E84439F-A15F-45B4-8DC3-4939814853CB} = {3EBD578F-40E0-4BD0-BED4-E4779B442C4C}
		{635921F7-6A9F-45E6-840F-1F1578C95EE6} = {20735EE3-26AA-488A-856F-D48CB3451966}
	EndGlobalSection
EndGlobal
